
Microsoft Visual Studio Solution File, Format Version 12.00
# Visual Studio Version 16
VisualStudioVersion = 16.0.29215.179
MinimumVisualStudioVersion = 10.0.40219.1
Project("{FAE04EC0-301F-11D3-BF4B-00C04F79EFBC}") = "WPFRPG", "WPFRPG\WPFRPG.csproj", "{49C6AB4F-037F-4946-A98F-E01A96EFB988}"
EndProject
Project("{FAE04EC0-301F-11D3-BF4B-00C04F79EFBC}") = "Engine", "Engine\Engine.csproj", "{A50FB257-82F3-41ED-BBD6-0280D218A1DC}"
EndProject
Global
	GlobalSection(SolutionConfigurationPlatforms) = preSolution
		Debug|Any CPU = Debug|Any CPU
		Release|Any CPU = Release|Any CPU
	EndGlobalSection
	GlobalSection(ProjectConfigurationPlatforms) = postSolution
		{49C6AB4F-037F-4946-A98F-E01A96EFB988}.Debug|Any CPU.ActiveCfg = Debug|Any CPU
		{49C6AB4F-037F-4946-A98F-E01A96EFB988}.Debug|Any CPU.Build.0 = Debug|Any CPU
		{49C6AB4F-037F-4946-A98F-E01A96EFB988}.Release|Any CPU.ActiveCfg = Release|Any CPU
		{49C6AB4F-037F-4946-A98F-E01A96EFB988}.Release|Any CPU.Build.0 = Release|Any CPU
		{A50FB257-82F3-41ED-BBD6-0280D218A1DC}.Debug|Any CPU.ActiveCfg = Debug|Any CPU
		{A50FB257-82F3-41ED-BBD6-0280D218A1DC}.Debug|Any CPU.Build.0 = Debug|Any CPU
		{A50FB257-82F3-41ED-BBD6-0280D218A1DC}.Release|Any CPU.ActiveCfg = Release|Any CPU
		{A50FB257-82F3-41ED-BBD6-0280D218A1DC}.Release|Any CPU.Build.0 = Release|Any CPU
	EndGlobalSection
	GlobalSection(SolutionProperties) = preSolution
		HideSolutionNode = FALSE
	EndGlobalSection
	GlobalSection(ExtensibilityGlobals) = postSolution
		SolutionGuid = {CC338898-7D1D-431F-873C-7246C2788246}
	EndGlobalSection
EndGlobal
